
Microsoft Visual Studio Solution File, Format Version 12.00
# Visual Studio 15
VisualStudioVersion = 15.0.26730.12
MinimumVisualStudioVersion = 10.0.40219.1
Project("{FAE04EC0-301F-11D3-BF4B-00C04F79EFBC}") = "BloodBank", "BloodBank\BloodBank.csproj", "{F2900D68-D60B-48E9-A0A5-1A89E3447FF9}"
EndProject
Global
	GlobalSection(SolutionConfigurationPlatforms) = preSolution
		Debug|Any CPU = Debug|Any CPU
		Release|Any CPU = Release|Any CPU
	EndGlobalSection
	GlobalSection(ProjectConfigurationPlatforms) = postSolution
		{F2900D68-D60B-48E9-A0A5-1A89E3447FF9}.Debug|Any CPU.ActiveCfg = Debug|Any CPU
		{F2900D68-D60B-48E9-A0A5-1A89E3447FF9}.Debug|Any CPU.Build.0 = Debug|Any CPU
		{F2900D68-D60B-48E9-A0A5-1A89E3447FF9}.Release|Any CPU.ActiveCfg = Release|Any CPU
		{F2900D68-D60B-48E9-A0A5-1A89E3447FF9}.Release|Any CPU.Build.0 = Release|Any CPU
	EndGlobalSection
	GlobalSection(SolutionProperties) = preSolution
		HideSolutionNode = FALSE
	EndGlobalSection
	GlobalSection(ExtensibilityGlobals) = postSolution
		SolutionGuid = {092EAC0E-2323-430B-BD62-8AC724C3B1F1}
	EndGlobalSection
EndGlobal
